dependencies:
- name: postgresql
  repository: file://../../@templates/postgresql
  version: 12.10.0
- name: common
  repository: file://../../@templates/common
  version: 2.13.0
digest: sha256:2fe30c6c6d1d4ee40f9f31dad38a2aed7db3ab323616cb3316d124ddc78098f3
generated: "2023-10-04T18:57:48.7793555+02:00"
